// !$*UTF8*$!
{
	archiveVersion = 1;
	classes = {
	};
	objectVersion = 55;
	objects = {

/* Begin PBXBuildFile section */
		AA8EC72E2671742B009D43AD /* Tests_iOS.swift in Sources */ = {isa = PBXBuildFile; fileRef = AA8EC72D2671742B009D43AD /* Tests_iOS.swift */; };
		AA8EC7382671742B009D43AD /* Tests_macOS.swift in Sources */ = {isa = PBXBuildFile; fileRef = AA8EC7372671742B009D43AD /* Tests_macOS.swift */; };
		AA8EC7392671742B009D43AD /* Yonda.xcdatamodeld in Sources */ = {isa = PBXBuildFile; fileRef = AA8EC7142671742A009D43AD /* Yonda.xcdatamodeld */; };
		AA8EC73A2671742B009D43AD /* Yonda.xcdatamodeld in Sources */ = {isa = PBXBuildFile; fileRef = AA8EC7142671742A009D43AD /* Yonda.xcdatamodeld */; };
		AA8EC73B2671742B009D43AD /* YondaApp.swift in Sources */ = {isa = PBXBuildFile; fileRef = AA8EC7162671742A009D43AD /* YondaApp.swift */; };
		AA8EC73C2671742B009D43AD /* YondaApp.swift in Sources */ = {isa = PBXBuildFile; fileRef = AA8EC7162671742A009D43AD /* YondaApp.swift */; };
		AA8EC73D2671742B009D43AD /* ContentView.swift in Sources */ = {isa = PBXBuildFile; fileRef = AA8EC7172671742A009D43AD /* ContentView.swift */; };
		AA8EC73E2671742B009D43AD /* ContentView.swift in Sources */ = {isa = PBXBuildFile; fileRef = AA8EC7172671742A009D43AD /* ContentView.swift */; };
		AA8EC73F2671742B009D43AD /* Persistence.swift in Sources */ = {isa = PBXBuildFile; fileRef = AA8EC7182671742A009D43AD /* Persistence.swift */; };
		AA8EC7402671742B009D43AD /* Persistence.swift in Sources */ = {isa = PBXBuildFile; fileRef = AA8EC7182671742A009D43AD /* Persistence.swift */; };
		AA8EC7412671742B009D43AD /* Assets.xcassets in Resources */ = {isa = PBXBuildFile; fileRef = AA8EC7192671742B009D43AD /* Assets.xcassets */; };
		AA8EC7422671742B009D43AD /* Assets.xcassets in Resources */ = {isa = PBXBuildFile; fileRef = AA8EC7192671742B009D43AD /* Assets.xcassets */; };
		AA8EC75A267179DD009D43AD /* Moji in Frameworks */ = {isa = PBXBuildFile; productRef = AA8EC759267179DD009D43AD /* Moji */; };
		AA8EC75C267179E0009D43AD /* Moji in Frameworks */ = {isa = PBXBuildFile; productRef = AA8EC75B267179E0009D43AD /* Moji */; };
		AA8EC76026717BD9009D43AD /* WebView in Frameworks */ = {isa = PBXBuildFile; productRef = AA8EC75F26717BD9009D43AD /* WebView */; };
		AA8EC76226717BE2009D43AD /* WebView in Frameworks */ = {isa = PBXBuildFile; productRef = AA8EC76126717BE2009D43AD /* WebView */; };
		AA8EC767267183F4009D43AD /* ItemDetailViewOld.swift in Sources */ = {isa = PBXBuildFile; fileRef = AA8EC766267183F4009D43AD /* ItemDetailViewOld.swift */; };
		AA8EC768267183F4009D43AD /* ItemDetailViewOld.swift in Sources */ = {isa = PBXBuildFile; fileRef = AA8EC766267183F4009D43AD /* ItemDetailViewOld.swift */; };
		AA8EC76A26718614009D43AD /* FeedView.swift in Sources */ = {isa = PBXBuildFile; fileRef = AA8EC76926718614009D43AD /* FeedView.swift */; };
		AA8EC76B26718614009D43AD /* FeedView.swift in Sources */ = {isa = PBXBuildFile; fileRef = AA8EC76926718614009D43AD /* FeedView.swift */; };
		AA8EC76E267187D8009D43AD /* Sebu in Frameworks */ = {isa = PBXBuildFile; productRef = AA8EC76D267187D8009D43AD /* Sebu */; };
		AA8EC770267187DF009D43AD /* Sebu in Frameworks */ = {isa = PBXBuildFile; productRef = AA8EC76F267187DF009D43AD /* Sebu */; };
		AA8EC77226719545009D43AD /* NewSourceView.swift in Sources */ = {isa = PBXBuildFile; fileRef = AA8EC77126719545009D43AD /* NewSourceView.swift */; };
		AA8EC77326719545009D43AD /* NewSourceView.swift in Sources */ = {isa = PBXBuildFile; fileRef = AA8EC77126719545009D43AD /* NewSourceView.swift */; };
		AAB98EC926739B4B003F5DCF /* ItemDetailView.swift in Sources */ = {isa = PBXBuildFile; fileRef = AAB98EC826739B4B003F5DCF /* ItemDetailView.swift */; };
		AAB98ECA26739B4B003F5DCF /* ItemDetailView.swift in Sources */ = {isa = PBXBuildFile; fileRef = AAB98EC826739B4B003F5DCF /* ItemDetailView.swift */; };
		AAB98ECD26739DE7003F5DCF /* SwiftSoup in Frameworks */ = {isa = PBXBuildFile; productRef = AAB98ECC26739DE7003F5DCF /* SwiftSoup */; };
		AAB98ECF26739DEE003F5DCF /* SwiftSoup in Frameworks */ = {isa = PBXBuildFile; productRef = AAB98ECE26739DEE003F5DCF /* SwiftSoup */; };
/* End PBXBuildFile section */

/* Begin PBXContainerItemProxy section */
		AA8EC72A2671742B009D43AD /* PBXContainerItemProxy */ = {
			isa = PBXContainerItemProxy;
			containerPortal = AA8EC70F2671742A009D43AD /* Project object */;
			proxyType = 1;
			remoteGlobalIDString = AA8EC71D2671742B009D43AD;
			remoteInfo = "Yonda (iOS)";
		};
		AA8EC7342671742B009D43AD /* PBXContainerItemProxy */ = {
			isa = PBXContainerItemProxy;
			containerPortal = AA8EC70F2671742A009D43AD /* Project object */;
			proxyType = 1;
			remoteGlobalIDString = AA8EC7232671742B009D43AD;
			remoteInfo = "Yonda (macOS)";
		};
/* End PBXContainerItemProxy section */

/* Begin PBXFileReference section */
		AA8EC7152671742A009D43AD /* Shared.xcdatamodel */ = {isa = PBXFileReference; lastKnownFileType = wrapper.xcdatamodel; path = Shared.xcdatamodel; sourceTree = "<group>"; };
		AA8EC7162671742A009D43AD /* YondaApp.swift */ = {isa = PBXFileReference; lastKnownFileType = sourcecode.swift; path = YondaApp.swift; sourceTree = "<group>"; };
		AA8EC7172671742A009D43AD /* ContentView.swift */ = {isa = PBXFileReference; lastKnownFileType = sourcecode.swift; path = ContentView.swift; sourceTree = "<group>"; };
		AA8EC7182671742A009D43AD /* Persistence.swift */ = {isa = PBXFileReference; lastKnownFileType = sourcecode.swift; path = Persistence.swift; sourceTree = "<group>"; };
		AA8EC7192671742B009D43AD /* Assets.xcassets */ = {isa = PBXFileReference; lastKnownFileType = folder.assetcatalog; path = Assets.xcassets; sourceTree = "<group>"; };
		AA8EC71E2671742B009D43AD /* Yonda.app */ = {isa = PBXFileReference; explicitFileType = wrapper.application; includeInIndex = 0; path = Yonda.app; sourceTree = BUILT_PRODUCTS_DIR; };
		AA8EC7242671742B009D43AD /* Yonda.app */ = {isa = PBXFileReference; explicitFileType = wrapper.application; includeInIndex = 0; path = Yonda.app; sourceTree = BUILT_PRODUCTS_DIR; };
		AA8EC7292671742B009D43AD /* Tests iOS.xctest */ = {isa = PBXFileReference; explicitFileType = wrapper.cfbundle; includeInIndex = 0; path = "Tests iOS.xctest"; sourceTree = BUILT_PRODUCTS_DIR; };
		AA8EC72D2671742B009D43AD /* Tests_iOS.swift */ = {isa = PBXFileReference; lastKnownFileType = sourcecode.swift; path = Tests_iOS.swift; sourceTree = "<group>"; };
		AA8EC7332671742B009D43AD /* Tests macOS.xctest */ = {isa = PBXFileReference; explicitFileType = wrapper.cfbundle; includeInIndex = 0; path = "Tests macOS.xctest"; sourceTree = BUILT_PRODUCTS_DIR; };
		AA8EC7372671742B009D43AD /* Tests_macOS.swift */ = {isa = PBXFileReference; lastKnownFileType = sourcecode.swift; path = Tests_macOS.swift; sourceTree = "<group>"; };
		AA8EC7582671756E009D43AD /* Moji */ = {isa = PBXFileReference; lastKnownFileType = folder; name = Moji; path = ../Moji; sourceTree = "<group>"; };
		AA8EC75D26717A5F009D43AD /* Yonda.entitlements */ = {isa = PBXFileReference; lastKnownFileType = text.plist.entitlements; path = Yonda.entitlements; sourceTree = "<group>"; };
		AA8EC766267183F4009D43AD /* ItemDetailViewOld.swift */ = {isa = PBXFileReference; lastKnownFileType = sourcecode.swift; path = ItemDetailViewOld.swift; sourceTree = "<group>"; };
		AA8EC76926718614009D43AD /* FeedView.swift */ = {isa = PBXFileReference; lastKnownFileType = sourcecode.swift; path = FeedView.swift; sourceTree = "<group>"; };
		AA8EC76C267187D1009D43AD /* Sebu */ = {isa = PBXFileReference; lastKnownFileType = folder; name = Sebu; path = ../../../../../../Users/ethan/Desktop/Sebu; sourceTree = "<group>"; };
		AA8EC77126719545009D43AD /* NewSourceView.swift */ = {isa = PBXFileReference; lastKnownFileType = sourcecode.swift; path = NewSourceView.swift; sourceTree = "<group>"; };
		AAB98EC726730416003F5DCF /* Yonda--macOS--Info.plist */ = {isa = PBXFileReference; lastKnownFileType = text.plist; path = "Yonda--macOS--Info.plist"; sourceTree = "<group>"; };
		AAB98EC826739B4B003F5DCF /* ItemDetailView.swift */ = {isa = PBXFileReference; lastKnownFileType = sourcecode.swift; path = ItemDetailView.swift; sourceTree = "<group>"; };
/* End PBXFileReference section */

/* Begin PBXFrameworksBuildPhase section */
		AA8EC71B2671742B009D43AD /* Frameworks */ = {
			isa = PBXFrameworksBuildPhase;
			buildActionMask = 2147483647;
			files = (
				AA8EC76026717BD9009D43AD /* WebView in Frameworks */,
				AAB98ECD26739DE7003F5DCF /* SwiftSoup in Frameworks */,
				AA8EC75A267179DD009D43AD /* Moji in Frameworks */,
				AA8EC770267187DF009D43AD /* Sebu in Frameworks */,
			);
			runOnlyForDeploymentPostprocessing = 0;
		};
		AA8EC7212671742B009D43AD /* Frameworks */ = {
			isa = PBXFrameworksBuildPhase;
			buildActionMask = 2147483647;
			files = (
				AA8EC76226717BE2009D43AD /* WebView in Frameworks */,
				AAB98ECF26739DEE003F5DCF /* SwiftSoup in Frameworks */,
				AA8EC75C267179E0009D43AD /* Moji in Frameworks */,
				AA8EC76E267187D8009D43AD /* Sebu in Frameworks */,
			);
			runOnlyForDeploymentPostprocessing = 0;
		};
		AA8EC7262671742B009D43AD /* Frameworks */ = {
			isa = PBXFrameworksBuildPhase;
			buildActionMask = 2147483647;
			files = (
			);
			runOnlyForDeploymentPostprocessing = 0;
		};
		AA8EC7302671742B009D43AD /* Frameworks */ = {
			isa = PBXFrameworksBuildPhase;
			buildActionMask = 2147483647;
			files = (
			);
			runOnlyForDeploymentPostprocessing = 0;
		};
/* End PBXFrameworksBuildPhase section */

/* Begin PBXGroup section */
		AA8EC70E2671742A009D43AD = {
			isa = PBXGroup;
			children = (
				AAB98EC726730416003F5DCF /* Yonda--macOS--Info.plist */,
				AA8EC75D26717A5F009D43AD /* Yonda.entitlements */,
				AA8EC7572671756E009D43AD /* Packages */,
				AA8EC7132671742A009D43AD /* Shared */,
				AA8EC72C2671742B009D43AD /* Tests iOS */,
				AA8EC7362671742B009D43AD /* Tests macOS */,
				AA8EC71F2671742B009D43AD /* Products */,
				AA8EC754267174A5009D43AD /* Frameworks */,
			);
			sourceTree = "<group>";
		};
		AA8EC7132671742A009D43AD /* Shared */ = {
			isa = PBXGroup;
			children = (
				AA8EC7162671742A009D43AD /* YondaApp.swift */,
				AA8EC7172671742A009D43AD /* ContentView.swift */,
				AA8EC76926718614009D43AD /* FeedView.swift */,
				AA8EC766267183F4009D43AD /* ItemDetailViewOld.swift */,
				AAB98EC826739B4B003F5DCF /* ItemDetailView.swift */,
				AA8EC77126719545009D43AD /* NewSourceView.swift */,
				AA8EC7182671742A009D43AD /* Persistence.swift */,
				AA8EC7192671742B009D43AD /* Assets.xcassets */,
				AA8EC7142671742A009D43AD /* Yonda.xcdatamodeld */,
			);
			path = Shared;
			sourceTree = "<group>";
		};
		AA8EC71F2671742B009D43AD /* Products */ = {
			isa = PBXGroup;
			children = (
				AA8EC71E2671742B009D43AD /* Yonda.app */,
				AA8EC7242671742B009D43AD /* Yonda.app */,
				AA8EC7292671742B009D43AD /* Tests iOS.xctest */,
				AA8EC7332671742B009D43AD /* Tests macOS.xctest */,
			);
			name = Products;
			sourceTree = "<group>";
		};
		AA8EC72C2671742B009D43AD /* Tests iOS */ = {
			isa = PBXGroup;
			children = (
				AA8EC72D2671742B009D43AD /* Tests_iOS.swift */,
			);
			path = "Tests iOS";
			sourceTree = "<group>";
		};
		AA8EC7362671742B009D43AD /* Tests macOS */ = {
			isa = PBXGroup;
			children = (
				AA8EC7372671742B009D43AD /* Tests_macOS.swift */,
			);
			path = "Tests macOS";
			sourceTree = "<group>";
		};
		AA8EC754267174A5009D43AD /* Frameworks */ = {
			isa = PBXGroup;
			children = (
			);
			name = Frameworks;
			sourceTree = "<group>";
		};
		AA8EC7572671756E009D43AD /* Packages */ = {
			isa = PBXGroup;
			children = (
				AA8EC7582671756E009D43AD /* Moji */,
				AA8EC76C267187D1009D43AD /* Sebu */,
			);
			name = Packages;
			sourceTree = "<group>";
		};
/* End PBXGroup section */

/* Begin PBXNativeTarget section */
		AA8EC71D2671742B009D43AD /* Yonda (iOS) */ = {
			isa = PBXNativeTarget;
			buildConfigurationList = AA8EC7452671742B009D43AD /* Build configuration list for PBXNativeTarget "Yonda (iOS)" */;
			buildPhases = (
				AA8EC71A2671742B009D43AD /* Sources */,
				AA8EC71B2671742B009D43AD /* Frameworks */,
				AA8EC71C2671742B009D43AD /* Resources */,
			);
			buildRules = (
			);
			dependencies = (
			);
			name = "Yonda (iOS)";
			packageProductDependencies = (
				AA8EC759267179DD009D43AD /* Moji */,
				AA8EC75F26717BD9009D43AD /* WebView */,
				AA8EC76F267187DF009D43AD /* Sebu */,
				AAB98ECC26739DE7003F5DCF /* SwiftSoup */,
			);
			productName = "Yonda (iOS)";
			productReference = AA8EC71E2671742B009D43AD /* Yonda.app */;
			productType = "com.apple.product-type.application";
		};
		AA8EC7232671742B009D43AD /* Yonda (macOS) */ = {
			isa = PBXNativeTarget;
			buildConfigurationList = AA8EC7482671742B009D43AD /* Build configuration list for PBXNativeTarget "Yonda (macOS)" */;
			buildPhases = (
				AA8EC7202671742B009D43AD /* Sources */,
				AA8EC7212671742B009D43AD /* Frameworks */,
				AA8EC7222671742B009D43AD /* Resources */,
			);
			buildRules = (
			);
			dependencies = (
			);
			name = "Yonda (macOS)";
			packageProductDependencies = (
				AA8EC75B267179E0009D43AD /* Moji */,
				AA8EC76126717BE2009D43AD /* WebView */,
				AA8EC76D267187D8009D43AD /* Sebu */,
				AAB98ECE26739DEE003F5DCF /* SwiftSoup */,
			);
			productName = "Yonda (macOS)";
			productReference = AA8EC7242671742B009D43AD /* Yonda.app */;
			productType = "com.apple.product-type.application";
		};
		AA8EC7282671742B009D43AD /* Tests iOS */ = {
			isa = PBXNativeTarget;
			buildConfigurationList = AA8EC74B2671742B009D43AD /* Build configuration list for PBXNativeTarget "Tests iOS" */;
			buildPhases = (
				AA8EC7252671742B009D43AD /* Sources */,
				AA8EC7262671742B009D43AD /* Frameworks */,
				AA8EC7272671742B009D43AD /* Resources */,
			);
			buildRules = (
			);
			dependencies = (
				AA8EC72B2671742B009D43AD /* PBXTargetDependency */,
			);
			name = "Tests iOS";
			productName = "Tests iOS";
			productReference = AA8EC7292671742B009D43AD /* Tests iOS.xctest */;
			productType = "com.apple.product-type.bundle.ui-testing";
		};
		AA8EC7322671742B009D43AD /* Tests macOS */ = {
			isa = PBXNativeTarget;
			buildConfigurationList = AA8EC74E2671742B009D43AD /* Build configuration list for PBXNativeTarget "Tests macOS" */;
			buildPhases = (
				AA8EC72F2671742B009D43AD /* Sources */,
				AA8EC7302671742B009D43AD /* Frameworks */,
				AA8EC7312671742B009D43AD /* Resources */,
			);
			buildRules = (
			);
			dependencies = (
				AA8EC7352671742B009D43AD /* PBXTargetDependency */,
			);
			name = "Tests macOS";
			productName = "Tests macOS";
			productReference = AA8EC7332671742B009D43AD /* Tests macOS.xctest */;
			productType = "com.apple.product-type.bundle.ui-testing";
		};
/* End PBXNativeTarget section */

/* Begin PBXProject section */
		AA8EC70F2671742A009D43AD /* Project object */ = {
			isa = PBXProject;
			attributes = {
				BuildIndependentTargetsInParallel = 1;
				LastSwiftUpdateCheck = 1300;
				LastUpgradeCheck = 1300;
				TargetAttributes = {
					AA8EC71D2671742B009D43AD = {
						CreatedOnToolsVersion = 13.0;
					};
					AA8EC7232671742B009D43AD = {
						CreatedOnToolsVersion = 13.0;
					};
					AA8EC7282671742B009D43AD = {
						CreatedOnToolsVersion = 13.0;
						TestTargetID = AA8EC71D2671742B009D43AD;
					};
					AA8EC7322671742B009D43AD = {
						CreatedOnToolsVersion = 13.0;
						TestTargetID = AA8EC7232671742B009D43AD;
					};
				};
			};
			buildConfigurationList = AA8EC7122671742A009D43AD /* Build configuration list for PBXProject "Yonda" */;
			compatibilityVersion = "Xcode 13.0";
			developmentRegion = en;
			hasScannedForEncodings = 0;
			knownRegions = (
				en,
				Base,
			);
			mainGroup = AA8EC70E2671742A009D43AD;
			packageReferences = (
				AA8EC75E26717BD9009D43AD /* XCRemoteSwiftPackageReference "SwiftUI-WebView" */,
				AAB98ECB26739DE7003F5DCF /* XCRemoteSwiftPackageReference "SwiftSoup" */,
			);
			productRefGroup = AA8EC71F2671742B009D43AD /* Products */;
			projectDirPath = "";
			projectRoot = "";
			targets = (
				AA8EC71D2671742B009D43AD /* Yonda (iOS) */,
				AA8EC7232671742B009D43AD /* Yonda (macOS) */,
				AA8EC7282671742B009D43AD /* Tests iOS */,
				AA8EC7322671742B009D43AD /* Tests macOS */,
			);
		};
/* End PBXProject section */

/* Begin PBXResourcesBuildPhase section */
		AA8EC71C2671742B009D43AD /* Resources */ = {
			isa = PBXResourcesBuildPhase;
			buildActionMask = 2147483647;
			files = (
				AA8EC7412671742B009D43AD /* Assets.xcassets in Resources */,
			);
			runOnlyForDeploymentPostprocessing = 0;
		};
		AA8EC7222671742B009D43AD /* Resources */ = {
			isa = PBXResourcesBuildPhase;
			buildActionMask = 2147483647;
			files = (
				AA8EC7422671742B009D43AD /* Assets.xcassets in Resources */,
			);
			runOnlyForDeploymentPostprocessing = 0;
		};
		AA8EC7272671742B009D43AD /* Resources */ = {
			isa = PBXResourcesBuildPhase;
			buildActionMask = 2147483647;
			files = (
			);
			runOnlyForDeploymentPostprocessing = 0;
		};
		AA8EC7312671742B009D43AD /* Resources */ = {
			isa = PBXResourcesBuildPhase;
			buildActionMask = 2147483647;
			files = (
			);
			runOnlyForDeploymentPostprocessing = 0;
		};
/* End PBXResourcesBuildPhase section */

/* Begin PBXSourcesBuildPhase section */
		AA8EC71A2671742B009D43AD /* Sources */ = {
			isa = PBXSourcesBuildPhase;
			buildActionMask = 2147483647;
			files = (
				AA8EC76A26718614009D43AD /* FeedView.swift in Sources */,
				AA8EC767267183F4009D43AD /* ItemDetailViewOld.swift in Sources */,
				AA8EC7392671742B009D43AD /* Yonda.xcdatamodeld in Sources */,
				AA8EC73F2671742B009D43AD /* Persistence.swift in Sources */,
				AAB98EC926739B4B003F5DCF /* ItemDetailView.swift in Sources */,
				AA8EC77226719545009D43AD /* NewSourceView.swift in Sources */,
				AA8EC73B2671742B009D43AD /* YondaApp.swift in Sources */,
				AA8EC73D2671742B009D43AD /* ContentView.swift in Sources */,
			);
			runOnlyForDeploymentPostprocessing = 0;
		};
		AA8EC7202671742B009D43AD /* Sources */ = {
			isa = PBXSourcesBuildPhase;
			buildActionMask = 2147483647;
			files = (
				AA8EC76B26718614009D43AD /* FeedView.swift in Sources */,
				AA8EC768267183F4009D43AD /* ItemDetailViewOld.swift in Sources */,
				AA8EC73A2671742B009D43AD /* Yonda.xcdatamodeld in Sources */,
				AA8EC7402671742B009D43AD /* Persistence.swift in Sources */,
				AAB98ECA26739B4B003F5DCF /* ItemDetailView.swift in Sources */,
				AA8EC77326719545009D43AD /* NewSourceView.swift in Sources */,
				AA8EC73C2671742B009D43AD /* YondaApp.swift in Sources */,
				AA8EC73E2671742B009D43AD /* ContentView.swift in Sources */,
			);
			runOnlyForDeploymentPostprocessing = 0;
		};
		AA8EC7252671742B009D43AD /* Sources */ = {
			isa = PBXSourcesBuildPhase;
			buildActionMask = 2147483647;
			files = (
				AA8EC72E2671742B009D43AD /* Tests_iOS.swift in Sources */,
			);
			runOnlyForDeploymentPostprocessing = 0;
		};
		AA8EC72F2671742B009D43AD /* Sources */ = {
			isa = PBXSourcesBuildPhase;
			buildActionMask = 2147483647;
			files = (
				AA8EC7382671742B009D43AD /* Tests_macOS.swift in Sources */,
			);
			runOnlyForDeploymentPostprocessing = 0;
		};
/* End PBXSourcesBuildPhase section */

/* Begin PBXTargetDependency section */
		AA8EC72B2671742B009D43AD /* PBXTargetDependency */ = {
			isa = PBXTargetDependency;
			target = AA8EC71D2671742B009D43AD /* Yonda (iOS) */;
			targetProxy = AA8EC72A2671742B009D43AD /* PBXContainerItemProxy */;
		};
		AA8EC7352671742B009D43AD /* PBXTargetDependency */ = {
			isa = PBXTargetDependency;
			target = AA8EC7232671742B009D43AD /* Yonda (macOS) */;
			targetProxy = AA8EC7342671742B009D43AD /* PBXContainerItemProxy */;
		};
/* End PBXTargetDependency section */

/* Begin XCBuildConfiguration section */
		AA8EC7432671742B009D43AD /* Debug */ = {
			isa = XCBuildConfiguration;
			buildSettings = {
				ALWAYS_SEARCH_USER_PATHS = NO;
				CLANG_ANALYZER_NONNULL = YES;
				CLANG_ANALYZER_NUMBER_OBJECT_CONVERSION = YES_AGGRESSIVE;
				CLANG_CXX_LANGUAGE_STANDARD = "gnu++14";
				CLANG_CXX_LIBRARY = "libc++";
				CLANG_ENABLE_MODULES = YES;
				CLANG_ENABLE_OBJC_ARC = YES;
				CLANG_ENABLE_OBJC_WEAK = YES;
				CLANG_WARN_BLOCK_CAPTURE_AUTORELEASING = YES;
				CLANG_WARN_BOOL_CONVERSION = YES;
				CLANG_WARN_COMMA = YES;
				CLANG_WARN_CONSTANT_CONVERSION = YES;
				CLANG_WARN_DEPRECATED_OBJC_IMPLEMENTATIONS = YES;
				CLANG_WARN_DIRECT_OBJC_ISA_USAGE = YES_ERROR;
				CLANG_WARN_DOCUMENTATION_COMMENTS = YES;
				CLANG_WARN_EMPTY_BODY = YES;
				CLANG_WARN_ENUM_CONVERSION = YES;
				CLANG_WARN_INFINITE_RECURSION = YES;
				CLANG_WARN_INT_CONVERSION = YES;
				CLANG_WARN_NON_LITERAL_NULL_CONVERSION = YES;
				CLANG_WARN_OBJC_IMPLICIT_RETAIN_SELF = YES;
				CLANG_WARN_OBJC_LITERAL_CONVERSION = YES;
				CLANG_WARN_OBJC_ROOT_CLASS = YES_ERROR;
				CLANG_WARN_QUOTED_INCLUDE_IN_FRAMEWORK_HEADER = YES;
				CLANG_WARN_RANGE_LOOP_ANALYSIS = YES;
				CLANG_WARN_STRICT_PROTOTYPES = YES;
				CLANG_WARN_SUSPICIOUS_MOVE = YES;
				CLANG_WARN_UNGUARDED_AVAILABILITY = YES_AGGRESSIVE;
				CLANG_WARN_UNREACHABLE_CODE = YES;
				CLANG_WARN__DUPLICATE_METHOD_MATCH = YES;
				COPY_PHASE_STRIP = NO;
				DEBUG_INFORMATION_FORMAT = dwarf;
				ENABLE_STRICT_OBJC_MSGSEND = YES;
				ENABLE_TESTABILITY = YES;
				GCC_C_LANGUAGE_STANDARD = gnu11;
				GCC_DYNAMIC_NO_PIC = NO;
				GCC_NO_COMMON_BLOCKS = YES;
				GCC_OPTIMIZATION_LEVEL = 0;
				GCC_PREPROCESSOR_DEFINITIONS = (
					"DEBUG=1",
					"$(inherited)",
				);
				GCC_WARN_64_TO_32_BIT_CONVERSION = YES;
				GCC_WARN_ABOUT_RETURN_TYPE = YES_ERROR;
				GCC_WARN_UNDECLARED_SELECTOR = YES;
				GCC_WARN_UNINITIALIZED_AUTOS = YES_AGGRESSIVE;
				GCC_WARN_UNUSED_FUNCTION = YES;
				GCC_WARN_UNUSED_VARIABLE = YES;
				MTL_ENABLE_DEBUG_INFO = INCLUDE_SOURCE;
				MTL_FAST_MATH = YES;
				ONLY_ACTIVE_ARCH = YES;
				SWIFT_ACTIVE_COMPILATION_CONDITIONS = DEBUG;
				SWIFT_OPTIMIZATION_LEVEL = "-Onone";
			};
			name = Debug;
		};
		AA8EC7442671742B009D43AD /* Release */ = {
			isa = XCBuildConfiguration;
			buildSettings = {
				ALWAYS_SEARCH_USER_PATHS = NO;
				CLANG_ANALYZER_NONNULL = YES;
				CLANG_ANALYZER_NUMBER_OBJECT_CONVERSION = YES_AGGRESSIVE;
				CLANG_CXX_LANGUAGE_STANDARD = "gnu++14";
				CLANG_CXX_LIBRARY = "libc++";
				CLANG_ENABLE_MODULES = YES;
				CLANG_ENABLE_OBJC_ARC = YES;
				CLANG_ENABLE_OBJC_WEAK = YES;
				CLANG_WARN_BLOCK_CAPTURE_AUTORELEASING = YES;
				CLANG_WARN_BOOL_CONVERSION = YES;
				CLANG_WARN_COMMA = YES;
				CLANG_WARN_CONSTANT_CONVERSION = YES;
				CLANG_WARN_DEPRECATED_OBJC_IMPLEMENTATIONS = YES;
				CLANG_WARN_DIRECT_OBJC_ISA_USAGE = YES_ERROR;
				CLANG_WARN_DOCUMENTATION_COMMENTS = YES;
				CLANG_WARN_EMPTY_BODY = YES;
				CLANG_WARN_ENUM_CONVERSION = YES;
				CLANG_WARN_INFINITE_RECURSION = YES;
				CLANG_WARN_INT_CONVERSION = YES;
				CLANG_WARN_NON_LITERAL_NULL_CONVERSION = YES;
				CLANG_WARN_OBJC_IMPLICIT_RETAIN_SELF = YES;
				CLANG_WARN_OBJC_LITERAL_CONVERSION = YES;
				CLANG_WARN_OBJC_ROOT_CLASS = YES_ERROR;
				CLANG_WARN_QUOTED_INCLUDE_IN_FRAMEWORK_HEADER = YES;
				CLANG_WARN_RANGE_LOOP_ANALYSIS = YES;
				CLANG_WARN_STRICT_PROTOTYPES = YES;
				CLANG_WARN_SUSPICIOUS_MOVE = YES;
				CLANG_WARN_UNGUARDED_AVAILABILITY = YES_AGGRESSIVE;
				CLANG_WARN_UNREACHABLE_CODE = YES;
				CLANG_WARN__DUPLICATE_METHOD_MATCH = YES;
				COPY_PHASE_STRIP = NO;
				DEBUG_INFORMATION_FORMAT = "dwarf-with-dsym";
				ENABLE_NS_ASSERTIONS = NO;
				ENABLE_STRICT_OBJC_MSGSEND = YES;
				GCC_C_LANGUAGE_STANDARD = gnu11;
				GCC_NO_COMMON_BLOCKS = YES;
				GCC_WARN_64_TO_32_BIT_CONVERSION = YES;
				GCC_WARN_ABOUT_RETURN_TYPE = YES_ERROR;
				GCC_WARN_UNDECLARED_SELECTOR = YES;
				GCC_WARN_UNINITIALIZED_AUTOS = YES_AGGRESSIVE;
				GCC_WARN_UNUSED_FUNCTION = YES;
				GCC_WARN_UNUSED_VARIABLE = YES;
				MTL_ENABLE_DEBUG_INFO = NO;
				MTL_FAST_MATH = YES;
				SWIFT_COMPILATION_MODE = wholemodule;
				SWIFT_OPTIMIZATION_LEVEL = "-O";
			};
			name = Release;
		};
		AA8EC7462671742B009D43AD /* Debug */ = {
			isa = XCBuildConfiguration;
			buildSettings = {
				ASSETCATALOG_COMPILER_APPICON_NAME = AppIcon;
				ASSETCATALOG_COMPILER_GLOBAL_ACCENT_COLOR_NAME = AccentColor;
				CODE_SIGN_STYLE = Automatic;
				CURRENT_PROJECT_VERSION = 1;
				DEVELOPMENT_TEAM = B6QG723P8Z;
				ENABLE_PREVIEWS = YES;
				GENERATE_INFOPLIST_FILE = YES;
				INFOPLIST_KEY_UIApplicationSceneManifest_Generation = YES;
				INFOPLIST_KEY_UIApplicationSupportsIndirectInputEvents = YES;
				INFOPLIST_KEY_UILaunchScreen_Generation = YES;
				INFOPLIST_KEY_UISupportedInterfaceOrientations_iPad = "UIInterfaceOrientationPortrait UIInterfaceOrientationPortraitUpsideDown UIInterfaceOrientationLandscapeLeft UIInterfaceOrientationLandscapeRight";
				INFOPLIST_KEY_UISupportedInterfaceOrientations_iPhone = "UIInterfaceOrientationPortrait UIInterfaceOrientationLandscapeLeft UIInterfaceOrientationLandscapeRight";
				IPHONEOS_DEPLOYMENT_TARGET = 15.0;
				LD_RUNPATH_SEARCH_PATHS = (
					"$(inherited)",
					"@executable_path/Frameworks",
				);
				MARKETING_VERSION = 1.0;
				PRODUCT_BUNDLE_IDENTIFIER = com.ethanlipnik.Yonda;
				PRODUCT_NAME = Yonda;
				SDKROOT = iphoneos;
				SWIFT_EMIT_LOC_STRINGS = YES;
				SWIFT_VERSION = 5.0;
				TARGETED_DEVICE_FAMILY = "1,2";
			};
			name = Debug;
		};
		AA8EC7472671742B009D43AD /* Release */ = {
			isa = XCBuildConfiguration;
			buildSettings = {
				ASSETCATALOG_COMPILER_APPICON_NAME = AppIcon;
				ASSETCATALOG_COMPILER_GLOBAL_ACCENT_COLOR_NAME = AccentColor;
				CODE_SIGN_STYLE = Automatic;
				CURRENT_PROJECT_VERSION = 1;
				DEVELOPMENT_TEAM = B6QG723P8Z;
				ENABLE_PREVIEWS = YES;
				GENERATE_INFOPLIST_FILE = YES;
				INFOPLIST_KEY_UIApplicationSceneManifest_Generation = YES;
				INFOPLIST_KEY_UIApplicationSupportsIndirectInputEvents = YES;
				INFOPLIST_KEY_UILaunchScreen_Generation = YES;
				INFOPLIST_KEY_UISupportedInterfaceOrientations_iPad = "UIInterfaceOrientationPortrait UIInterfaceOrientationPortraitUpsideDown UIInterfaceOrientationLandscapeLeft UIInterfaceOrientationLandscapeRight";
				INFOPLIST_KEY_UISupportedInterfaceOrientations_iPhone = "UIInterfaceOrientationPortrait UIInterfaceOrientationLandscapeLeft UIInterfaceOrientationLandscapeRight";
				IPHONEOS_DEPLOYMENT_TARGET = 15.0;
				LD_RUNPATH_SEARCH_PATHS = (
					"$(inherited)",
					"@executable_path/Frameworks",
				);
				MARKETING_VERSION = 1.0;
				PRODUCT_BUNDLE_IDENTIFIER = com.ethanlipnik.Yonda;
				PRODUCT_NAME = Yonda;
				SDKROOT = iphoneos;
				SWIFT_EMIT_LOC_STRINGS = YES;
				SWIFT_VERSION = 5.0;
				TARGETED_DEVICE_FAMILY = "1,2";
				VALIDATE_PRODUCT = YES;
			};
			name = Release;
		};
		AA8EC7492671742B009D43AD /* Debug */ = {
			isa = XCBuildConfiguration;
			buildSettings = {
				ASSETCATALOG_COMPILER_APPICON_NAME = AppIcon;
				ASSETCATALOG_COMPILER_GLOBAL_ACCENT_COLOR_NAME = AccentColor;
				CODE_SIGN_ENTITLEMENTS = Yonda.entitlements;
				CODE_SIGN_STYLE = Automatic;
				COMBINE_HIDPI_IMAGES = YES;
				CURRENT_PROJECT_VERSION = 1;
				DEVELOPMENT_TEAM = B6QG723P8Z;
				ENABLE_APP_SANDBOX = YES;
				ENABLE_HARDENED_RUNTIME = YES;
				ENABLE_PREVIEWS = YES;
				ENABLE_USER_SELECTED_FILES = readonly;
				GENERATE_INFOPLIST_FILE = YES;
				INFOPLIST_FILE = "Yonda--macOS--Info.plist";
				INFOPLIST_KEY_CFBundleExecutable = Yonda;
				INFOPLIST_KEY_CFBundleName = Yonda;
				INFOPLIST_KEY_CFBundleVersion = 1;
				INFOPLIST_KEY_NSHumanReadableCopyright = "";
				LD_RUNPATH_SEARCH_PATHS = (
					"$(inherited)",
					"@executable_path/../Frameworks",
				);
				MACOSX_DEPLOYMENT_TARGET = 12.0;
				MARKETING_VERSION = 1.0;
				PRODUCT_BUNDLE_IDENTIFIER = com.ethanlipnik.Yonda;
				PRODUCT_NAME = Yonda;
				SDKROOT = macosx;
				SWIFT_EMIT_LOC_STRINGS = YES;
				SWIFT_VERSION = 5.0;
			};
			name = Debug;
		};
		AA8EC74A2671742B009D43AD /* Release */ = {
			isa = XCBuildConfiguration;
			buildSettings = {
				ASSETCATALOG_COMPILER_APPICON_NAME = AppIcon;
				ASSETCATALOG_COMPILER_GLOBAL_ACCENT_COLOR_NAME = AccentColor;
				CODE_SIGN_ENTITLEMENTS = Yonda.entitlements;
				CODE_SIGN_STYLE = Automatic;
				COMBINE_HIDPI_IMAGES = YES;
				CURRENT_PROJECT_VERSION = 1;
				DEVELOPMENT_TEAM = B6QG723P8Z;
				ENABLE_APP_SANDBOX = YES;
				ENABLE_HARDENED_RUNTIME = YES;
				ENABLE_PREVIEWS = YES;
				ENABLE_USER_SELECTED_FILES = readonly;
				GENERATE_INFOPLIST_FILE = YES;
				INFOPLIST_FILE = "Yonda--macOS--Info.plist";
				INFOPLIST_KEY_CFBundleExecutable = Yonda;
				INFOPLIST_KEY_CFBundleName = Yonda;
				INFOPLIST_KEY_CFBundleVersion = 1;
				INFOPLIST_KEY_NSHumanReadableCopyright = "";
				LD_RUNPATH_SEARCH_PATHS = (
					"$(inherited)",
					"@executable_path/../Frameworks",
				);
				MACOSX_DEPLOYMENT_TARGET = 12.0;
				MARKETING_VERSION = 1.0;
				PRODUCT_BUNDLE_IDENTIFIER = com.ethanlipnik.Yonda;
				PRODUCT_NAME = Yonda;
				SDKROOT = macosx;
				SWIFT_EMIT_LOC_STRINGS = YES;
				SWIFT_VERSION = 5.0;
			};
			name = Release;
		};
		AA8EC74C2671742B009D43AD /* Debug */ = {
			isa = XCBuildConfiguration;
			buildSettings = {
				ALWAYS_EMBED_SWIFT_STANDARD_LIBRARIES = YES;
				CODE_SIGN_STYLE = Automatic;
				CURRENT_PROJECT_VERSION = 1;
				DEVELOPMENT_TEAM = B6QG723P8Z;
				GENERATE_INFOPLIST_FILE = YES;
				IPHONEOS_DEPLOYMENT_TARGET = 15.0;
				LD_RUNPATH_SEARCH_PATHS = (
					"$(inherited)",
					"@executable_path/Frameworks",
					"@loader_path/Frameworks",
				);
				MARKETING_VERSION = 1.0;
				PRODUCT_BUNDLE_IDENTIFIER = "com.ethanlipnik.Tests-iOS";
				PRODUCT_NAME = "$(TARGET_NAME)";
				SDKROOT = iphoneos;
				SWIFT_EMIT_LOC_STRINGS = NO;
				SWIFT_VERSION = 5.0;
				TARGETED_DEVICE_FAMILY = "1,2";
				TEST_TARGET_NAME = "Yonda (iOS)";
			};
			name = Debug;
		};
		AA8EC74D2671742B009D43AD /* Release */ = {
			isa = XCBuildConfiguration;
			buildSettings = {
				ALWAYS_EMBED_SWIFT_STANDARD_LIBRARIES = YES;
				CODE_SIGN_STYLE = Automatic;
				CURRENT_PROJECT_VERSION = 1;
				DEVELOPMENT_TEAM = B6QG723P8Z;
				GENERATE_INFOPLIST_FILE = YES;
				IPHONEOS_DEPLOYMENT_TARGET = 15.0;
				LD_RUNPATH_SEARCH_PATHS = (
					"$(inherited)",
					"@executable_path/Frameworks",
					"@loader_path/Frameworks",
				);
				MARKETING_VERSION = 1.0;
				PRODUCT_BUNDLE_IDENTIFIER = "com.ethanlipnik.Tests-iOS";
				PRODUCT_NAME = "$(TARGET_NAME)";
				SDKROOT = iphoneos;
				SWIFT_EMIT_LOC_STRINGS = NO;
				SWIFT_VERSION = 5.0;
				TARGETED_DEVICE_FAMILY = "1,2";
				TEST_TARGET_NAME = "Yonda (iOS)";
				VALIDATE_PRODUCT = YES;
			};
			name = Release;
		};
		AA8EC74F2671742B009D43AD /* Debug */ = {
			isa = XCBuildConfiguration;
			buildSettings = {
				ALWAYS_EMBED_SWIFT_STANDARD_LIBRARIES = YES;
				CODE_SIGN_STYLE = Automatic;
				COMBINE_HIDPI_IMAGES = YES;
				CURRENT_PROJECT_VERSION = 1;
				DEVELOPMENT_TEAM = B6QG723P8Z;
				GENERATE_INFOPLIST_FILE = YES;
				LD_RUNPATH_SEARCH_PATHS = (
					"$(inherited)",
					"@executable_path/../Frameworks",
					"@loader_path/../Frameworks",
				);
				MACOSX_DEPLOYMENT_TARGET = 12.0;
				MARKETING_VERSION = 1.0;
				PRODUCT_BUNDLE_IDENTIFIER = "com.ethanlipnik.Tests-macOS";
				PRODUCT_NAME = "$(TARGET_NAME)";
				SDKROOT = macosx;
				SWIFT_EMIT_LOC_STRINGS = NO;
				SWIFT_VERSION = 5.0;
				TEST_TARGET_NAME = "Yonda (macOS)";
			};
			name = Debug;
		};
		AA8EC7502671742B009D43AD /* Release */ = {
			isa = XCBuildConfiguration;
			buildSettings = {
				ALWAYS_EMBED_SWIFT_STANDARD_LIBRARIES = YES;
				CODE_SIGN_STYLE = Automatic;
				COMBINE_HIDPI_IMAGES = YES;
				CURRENT_PROJECT_VERSION = 1;
				DEVELOPMENT_TEAM = B6QG723P8Z;
				GENERATE_INFOPLIST_FILE = YES;
				LD_RUNPATH_SEARCH_PATHS = (
					"$(inherited)",
					"@executable_path/../Frameworks",
					"@loader_path/../Frameworks",
				);
				MACOSX_DEPLOYMENT_TARGET = 12.0;
				MARKETING_VERSION = 1.0;
				PRODUCT_BUNDLE_IDENTIFIER = "com.ethanlipnik.Tests-macOS";
				PRODUCT_NAME = "$(TARGET_NAME)";
				SDKROOT = macosx;
				SWIFT_EMIT_LOC_STRINGS = NO;
				SWIFT_VERSION = 5.0;
				TEST_TARGET_NAME = "Yonda (macOS)";
			};
			name = Release;
		};
/* End XCBuildConfiguration section */

/* Begin XCConfigurationList section */
		AA8EC7122671742A009D43AD /* Build configuration list for PBXProject "Yonda" */ = {
			isa = XCConfigurationList;
			buildConfigurations = (
				AA8EC7432671742B009D43AD /* Debug */,
				AA8EC7442671742B009D43AD /* Release */,
			);
			defaultConfigurationIsVisible = 0;
			defaultConfigurationName = Release;
		};
		AA8EC7452671742B009D43AD /* Build configuration list for PBXNativeTarget "Yonda (iOS)" */ = {
			isa = XCConfigurationList;
			buildConfigurations = (
				AA8EC7462671742B009D43AD /* Debug */,
				AA8EC7472671742B009D43AD /* Release */,
			);
			defaultConfigurationIsVisible = 0;
			defaultConfigurationName = Release;
		};
		AA8EC7482671742B009D43AD /* Build configuration list for PBXNativeTarget "Yonda (macOS)" */ = {
			isa = XCConfigurationList;
			buildConfigurations = (
				AA8EC7492671742B009D43AD /* Debug */,
				AA8EC74A2671742B009D43AD /* Release */,
			);
			defaultConfigurationIsVisible = 0;
			defaultConfigurationName = Release;
		};
		AA8EC74B2671742B009D43AD /* Build configuration list for PBXNativeTarget "Tests iOS" */ = {
			isa = XCConfigurationList;
			buildConfigurations = (
				AA8EC74C2671742B009D43AD /* Debug */,
				AA8EC74D2671742B009D43AD /* Release */,
			);
			defaultConfigurationIsVisible = 0;
			defaultConfigurationName = Release;
		};
		AA8EC74E2671742B009D43AD /* Build configuration list for PBXNativeTarget "Tests macOS" */ = {
			isa = XCConfigurationList;
			buildConfigurations = (
				AA8EC74F2671742B009D43AD /* Debug */,
				AA8EC7502671742B009D43AD /* Release */,
			);
			defaultConfigurationIsVisible = 0;
			defaultConfigurationName = Release;
		};
/* End XCConfigurationList section */

/* Begin XCRemoteSwiftPackageReference section */
		AA8EC75E26717BD9009D43AD /* XCRemoteSwiftPackageReference "SwiftUI-WebView" */ = {
			isa = XCRemoteSwiftPackageReference;
			repositoryURL = "https://github.com/kylehickinson/SwiftUI-WebView.git";
			requirement = {
				kind = upToNextMajorVersion;
				minimumVersion = 0.3.0;
			};
		};
		AAB98ECB26739DE7003F5DCF /* XCRemoteSwiftPackageReference "SwiftSoup" */ = {
			isa = XCRemoteSwiftPackageReference;
			repositoryURL = "https://github.com/scinfu/SwiftSoup.git";
			requirement = {
				kind = upToNextMajorVersion;
				minimumVersion = 2.0.0;
			};
		};
/* End XCRemoteSwiftPackageReference section */

/* Begin XCSwiftPackageProductDependency section */
		AA8EC759267179DD009D43AD /* Moji */ = {
			isa = XCSwiftPackageProductDependency;
			productName = Moji;
		};
		AA8EC75B267179E0009D43AD /* Moji */ = {
			isa = XCSwiftPackageProductDependency;
			productName = Moji;
		};
		AA8EC75F26717BD9009D43AD /* WebView */ = {
			isa = XCSwiftPackageProductDependency;
			package = AA8EC75E26717BD9009D43AD /* XCRemoteSwiftPackageReference "SwiftUI-WebView" */;
			productName = WebView;
		};
		AA8EC76126717BE2009D43AD /* WebView */ = {
			isa = XCSwiftPackageProductDependency;
			package = AA8EC75E26717BD9009D43AD /* XCRemoteSwiftPackageReference "SwiftUI-WebView" */;
			productName = WebView;
		};
		AA8EC76D267187D8009D43AD /* Sebu */ = {
			isa = XCSwiftPackageProductDependency;
			productName = Sebu;
		};
		AA8EC76F267187DF009D43AD /* Sebu */ = {
			isa = XCSwiftPackageProductDependency;
			productName = Sebu;
		};
		AAB98ECC26739DE7003F5DCF /* SwiftSoup */ = {
			isa = XCSwiftPackageProductDependency;
			package = AAB98ECB26739DE7003F5DCF /* XCRemoteSwiftPackageReference "SwiftSoup" */;
			productName = SwiftSoup;
		};
		AAB98ECE26739DEE003F5DCF /* SwiftSoup */ = {
			isa = XCSwiftPackageProductDependency;
			package = AAB98ECB26739DE7003F5DCF /* XCRemoteSwiftPackageReference "SwiftSoup" */;
			productName = SwiftSoup;
		};
/* End XCSwiftPackageProductDependency section */

/* Begin XCVersionGroup section */
		AA8EC7142671742A009D43AD /* Yonda.xcdatamodeld */ = {
			isa = XCVersionGroup;
			children = (
				AA8EC7152671742A009D43AD /* Shared.xcdatamodel */,
			);
			currentVersion = AA8EC7152671742A009D43AD /* Shared.xcdatamodel */;
			path = Yonda.xcdatamodeld;
			sourceTree = "<group>";
			versionGroupType = wrapper.xcdatamodel;
		};
/* End XCVersionGroup section */
	};
	rootObject = AA8EC70F2671742A009D43AD /* Project object */;
}
